// !$*UTF8*$!
{
	archiveVersion = 1;
	classes = {
	};
	objectVersion = 50;
	objects = {

/* Begin PBXBuildFile section */
		65815B8E23E218DA00D9A0C8 /* AppDelegate.swift in Sources */ = {isa = PBXBuildFile; fileRef = 65815B8D23E218DA00D9A0C8 /* AppDelegate.swift */; };
		65815B9023E218DA00D9A0C8 /* SceneDelegate.swift in Sources */ = {isa = PBXBuildFile; fileRef = 65815B8F23E218DA00D9A0C8 /* SceneDelegate.swift */; };
		65815B9223E218DA00D9A0C8 /* ViewController.swift in Sources */ = {isa = PBXBuildFile; fileRef = 65815B9123E218DA00D9A0C8 /* ViewController.swift */; };
		65815B9523E218DA00D9A0C8 /* Main.storyboard in Resources */ = {isa = PBXBuildFile; fileRef = 65815B9323E218DA00D9A0C8 /* Main.storyboard */; };
		65815B9723E218DD00D9A0C8 /* Assets.xcassets in Resources */ = {isa = PBXBuildFile; fileRef = 65815B9623E218DD00D9A0C8 /* Assets.xcassets */; };
		65815B9A23E218DD00D9A0C8 /* LaunchScreen.storyboard in Resources */ = {isa = PBXBuildFile; fileRef = 65815B9823E218DD00D9A0C8 /* LaunchScreen.storyboard */; };
/* End PBXBuildFile section */

/* Begin PBXFileReference section */
		65815B8A23E218DA00D9A0C8 /* git_test_app.app */ = {isa = PBXFileReference; explicitFileType = wrapper.application; includeInIndex = 0; path = git_test_app.app; sourceTree = BUILT_PRODUCTS_DIR; };
		65815B8D23E218DA00D9A0C8 /* AppDelegate.swift */ = {isa = PBXFileReference; lastKnownFileType = sourcecode.swift; path = AppDelegate.swift; sourceTree = "<group>"; };
		65815B8F23E218DA00D9A0C8 /* SceneDelegate.swift */ = {isa = PBXFileReference; lastKnownFileType = sourcecode.swift; path = SceneDelegate.swift; sourceTree = "<group>"; };
		65815B9123E218DA00D9A0C8 /* ViewController.swift */ = {isa = PBXFileReference; lastKnownFileType = sourcecode.swift; path = ViewController.swift; sourceTree = "<group>"; };
		65815B9423E218DA00D9A0C8 /* Base */ = {isa = PBXFileReference; lastKnownFileType = file.storyboard; name = Base; path = Base.lproj/Main.storyboard; sourceTree = "<group>"; };
		65815B9623E218DD00D9A0C8 /* Assets.xcassets */ = {isa = PBXFileReference; lastKnownFileType = folder.assetcatalog; path = Assets.xcassets; sourceTree = "<group>"; };
		65815B9923E218DD00D9A0C8 /* Base */ = {isa = PBXFileReference; lastKnownFileType = file.storyboard; name = Base; path = Base.lproj/LaunchScreen.storyboard; sourceTree = "<group>"; };
		65815B9B23E218DD00D9A0C8 /* Info.plist */ = {isa = PBXFileReference; lastKnownFileType = text.plist.xml; path = Info.plist; sourceTree = "<group>"; };
/* End PBXFileReference section */

/* Begin PBXFrameworksBuildPhase section */
		65815B8723E218DA00D9A0C8 /* Frameworks */ = {
			isa = PBXFrameworksBuildPhase;
			buildActionMask = 2147483647;
			files = (
			);
			runOnlyForDeploymentPostprocessing = 0;
		};
/* End PBXFrameworksBuildPhase section */

/* Begin PBXGroup section */
		65815B8123E218D900D9A0C8 = {
			isa = PBXGroup;
			children = (
				65815B8C23E218DA00D9A0C8 /* git_test_app */,
				65815B8B23E218DA00D9A0C8 /* Products */,
			);
			sourceTree = "<group>";
		};
		65815B8B23E218DA00D9A0C8 /* Products */ = {
			isa = PBXGroup;
			children = (
				65815B8A23E218DA00D9A0C8 /* git_test_app.app */,
			);
			name = Products;
			sourceTree = "<group>";
		};
		65815B8C23E218DA00D9A0C8 /* git_test_app */ = {
			isa = PBXGroup;
			children = (
				65815B8D23E218DA00D9A0C8 /* AppDelegate.swift */,
				65815B8F23E218DA00D9A0C8 /* SceneDelegate.swift */,
				65815B9123E218DA00D9A0C8 /* ViewController.swift */,
				65815B9323E218DA00D9A0C8 /* Main.storyboard */,
				65815B9623E218DD00D9A0C8 /* Assets.xcassets */,
				65815B9823E218DD00D9A0C8 /* LaunchScreen.storyboard */,
				65815B9B23E218DD00D9A0C8 /* Info.plist */,
			);
			path = git_test_app;
			sourceTree = "<group>";
		};
/* End PBXGroup section */

/* Begin PBXNativeTarget section */
		65815B8923E218DA00D9A0C8 /* git_test_app */ = {
			isa = PBXNativeTarget;
			buildConfigurationList = 65815B9E23E218DD00D9A0C8 /* Build configuration list for PBXNativeTarget "git_test_app" */;
			buildPhases = (
				65815B8623E218DA00D9A0C8 /* Sources */,
				65815B8723E218DA00D9A0C8 /* Frameworks */,
				65815B8823E218DA00D9A0C8 /* Resources */,
			);
			buildRules = (
			);
			dependencies = (
			);
			name = git_test_app;
			productName = git_test_app;
			productReference = 65815B8A23E218DA00D9A0C8 /* git_test_app.app */;
			productType = "com.apple.product-type.application";
		};
/* End PBXNativeTarget section */

/* Begin PBXProject section */
		65815B8223E218DA00D9A0C8 /* Project object */ = {
			isa = PBXProject;
			attributes = {
				LastSwiftUpdateCheck = 1130;
				LastUpgradeCheck = 1130;
				ORGANIZATIONNAME = KurachkinSiarhei;
				TargetAttributes = {
					65815B8923E218DA00D9A0C8 = {
						CreatedOnToolsVersion = 11.3;
					};
				};
			};
			buildConfigurationList = 65815B8523E218DA00D9A0C8 /* Build configuration list for PBXProject "git_test_app" */;
			compatibilityVersion = "Xcode 9.3";
			developmentRegion = en;
			hasScannedForEncodings = 0;
			knownRegions = (
				en,
				Base,
			);
			mainGroup = 65815B8123E218D900D9A0C8;
			productRefGroup = 65815B8B23E218DA00D9A0C8 /* Products */;
			projectDirPath = "";
			projectRoot = "";
			targets = (
				65815B8923E218DA00D9A0C8 /* git_test_app */,
			);
		};
/* End PBXProject section */

/* Begin PBXResourcesBuildPhase section */
		65815B8823E218DA00D9A0C8 /* Resources */ = {
			isa = PBXResourcesBuildPhase;
			buildActionMask = 2147483647;
			files = (
				65815B9A23E218DD00D9A0C8 /* LaunchScreen.storyboard in Resources */,
				65815B9723E218DD00D9A0C8 /* Assets.xcassets in Resources */,
				65815B9523E218DA00D9A0C8 /* Main.storyboard in Resources */,
			);
			runOnlyForDeploymentPostprocessing = 0;
		};
/* End PBXResourcesBuildPhase section */

/* Begin PBXSourcesBuildPhase section */
		65815B8623E218DA00D9A0C8 /* Sources */ = {
			isa = PBXSourcesBuildPhase;
			buildActionMask = 2147483647;
			files = (
				65815B9223E218DA00D9A0C8 /* ViewController.swift in Sources */,
				65815B8E23E218DA00D9A0C8 /* AppDelegate.swift in Sources */,
				65815B9023E218DA00D9A0C8 /* SceneDelegate.swift in Sources */,
			);
			runOnlyForDeploymentPostprocessing = 0;
		};
/* End PBXSourcesBuildPhase section */

/* Begin PBXVariantGroup section */
		65815B9323E218DA00D9A0C8 /* Main.storyboard */ = {
			isa = PBXVariantGroup;
			children = (
				65815B9423E218DA00D9A0C8 /* Base */,
			);
			name = Main.storyboard;
			sourceTree = "<group>";
		};
		65815B9823E218DD00D9A0C8 /* LaunchScreen.storyboard */ = {
			isa = PBXVariantGroup;
			children = (
				65815B9923E218DD00D9A0C8 /* Base */,
			);
			name = LaunchScreen.storyboard;
			sourceTree = "<group>";
		};
/* End PBXVariantGroup section */

/* Begin XCBuildConfiguration section */
		65815B9C23E218DD00D9A0C8 /* Debug */ = {
			isa = XCBuildConfiguration;
			buildSettings = {
				ALWAYS_SEARCH_USER_PATHS = NO;
				CLANG_ANALYZER_NONNULL = YES;
				CLANG_ANALYZER_NUMBER_OBJECT_CONVERSION = YES_AGGRESSIVE;
				CLANG_CXX_LANGUAGE_STANDARD = "gnu++14";
				CLANG_CXX_LIBRARY = "libc++";
				CLANG_ENABLE_MODULES = YES;
				CLANG_ENABLE_OBJC_ARC = YES;
				CLANG_ENABLE_OBJC_WEAK = YES;
				CLANG_WARN_BLOCK_CAPTURE_AUTORELEASING = YES;
				CLANG_WARN_BOOL_CONVERSION = YES;
				CLANG_WARN_COMMA = YES;
				CLANG_WARN_CONSTANT_CONVERSION = YES;
				CLANG_WARN_DEPRECATED_OBJC_IMPLEMENTATIONS = YES;
				CLANG_WARN_DIRECT_OBJC_ISA_USAGE = YES_ERROR;
				CLANG_WARN_DOCUMENTATION_COMMENTS = YES;
				CLANG_WARN_EMPTY_BODY = YES;
				CLANG_WARN_ENUM_CONVERSION = YES;
				CLANG_WARN_INFINITE_RECURSION = YES;
				CLANG_WARN_INT_CONVERSION = YES;
				CLANG_WARN_NON_LITERAL_NULL_CONVERSION = YES;
				CLANG_WARN_OBJC_IMPLICIT_RETAIN_SELF = YES;
				CLANG_WARN_OBJC_LITERAL_CONVERSION = YES;
				CLANG_WARN_OBJC_ROOT_CLASS = YES_ERROR;
				CLANG_WARN_RANGE_LOOP_ANALYSIS = YES;
				CLANG_WARN_STRICT_PROTOTYPES = YES;
				CLANG_WARN_SUSPICIOUS_MOVE = YES;
				CLANG_WARN_UNGUARDED_AVAILABILITY = YES_AGGRESSIVE;
				CLANG_WARN_UNREACHABLE_CODE = YES;
				CLANG_WARN__DUPLICATE_METHOD_MATCH = YES;
				COPY_PHASE_STRIP = NO;
				DEBUG_INFORMATION_FORMAT = dwarf;
				ENABLE_STRICT_OBJC_MSGSEND = YES;
				ENABLE_TESTABILITY = YES;
				GCC_C_LANGUAGE_STANDARD = gnu11;
				GCC_DYNAMIC_NO_PIC = NO;
				GCC_NO_COMMON_BLOCKS = YES;
				GCC_OPTIMIZATION_LEVEL = 0;
				GCC_PREPROCESSOR_DEFINITIONS = (
					"DEBUG=1",
					"$(inherited)",
				);
				GCC_WARN_64_TO_32_BIT_CONVERSION = YES;
				GCC_WARN_ABOUT_RETURN_TYPE = YES_ERROR;
				GCC_WARN_UNDECLARED_SELECTOR = YES;
				GCC_WARN_UNINITIALIZED_AUTOS = YES_AGGRESSIVE;
				GCC_WARN_UNUSED_FUNCTION = YES;
				GCC_WARN_UNUSED_VARIABLE = YES;
				IPHONEOS_DEPLOYMENT_TARGET = 13.2;
				MTL_ENABLE_DEBUG_INFO = INCLUDE_SOURCE;
				MTL_FAST_MATH = YES;
				ONLY_ACTIVE_ARCH = YES;
				SDKROOT = iphoneos;
				SWIFT_ACTIVE_COMPILATION_CONDITIONS = DEBUG;
				SWIFT_OPTIMIZATION_LEVEL = "-Onone";
			};
			name = Debug;
		};
		65815B9D23E218DD00D9A0C8 /* Release */ = {
			isa = XCBuildConfiguration;
			buildSettings = {
				ALWAYS_SEARCH_USER_PATHS = NO;
				CLANG_ANALYZER_NONNULL = YES;
				CLANG_ANALYZER_NUMBER_OBJECT_CONVERSION = YES_AGGRESSIVE;
				CLANG_CXX_LANGUAGE_STANDARD = "gnu++14";
				CLANG_CXX_LIBRARY = "libc++";
				CLANG_ENABLE_MODULES = YES;
				CLANG_ENABLE_OBJC_ARC = YES;
				CLANG_ENABLE_OBJC_WEAK = YES;
				CLANG_WARN_BLOCK_CAPTURE_AUTORELEASING = YES;
				CLANG_WARN_BOOL_CONVERSION = YES;
				CLANG_WARN_COMMA = YES;
				CLANG_WARN_CONSTANT_CONVERSION = YES;
				CLANG_WARN_DEPRECATED_OBJC_IMPLEMENTATIONS = YES;
				CLANG_WARN_DIRECT_OBJC_ISA_USAGE = YES_ERROR;
				CLANG_WARN_DOCUMENTATION_COMMENTS = YES;
				CLANG_WARN_EMPTY_BODY = YES;
				CLANG_WARN_ENUM_CONVERSION = YES;
				CLANG_WARN_INFINITE_RECURSION = YES;
				CLANG_WARN_INT_CONVERSION = YES;
				CLANG_WARN_NON_LITERAL_NULL_CONVERSION = YES;
				CLANG_WARN_OBJC_IMPLICIT_RETAIN_SELF = YES;
				CLANG_WARN_OBJC_LITERAL_CONVERSION = YES;
				CLANG_WARN_OBJC_ROOT_CLASS = YES_ERROR;
				CLANG_WARN_RANGE_LOOP_ANALYSIS = YES;
				CLANG_WARN_STRICT_PROTOTYPES = YES;
				CLANG_WARN_SUSPICIOUS_MOVE = YES;
				CLANG_WARN_UNGUARDED_AVAILABILITY = YES_AGGRESSIVE;
				CLANG_WARN_UNREACHABLE_CODE = YES;
				CLANG_WARN__DUPLICATE_METHOD_MATCH = YES;
				COPY_PHASE_STRIP = NO;
				DEBUG_INFORMATION_FORMAT = "dwarf-with-dsym";
				ENABLE_NS_ASSERTIONS = NO;
				ENABLE_STRICT_OBJC_MSGSEND = YES;
				GCC_C_LANGUAGE_STANDARD = gnu11;
				GCC_NO_COMMON_BLOCKS = YES;
				GCC_WARN_64_TO_32_BIT_CONVERSION = YES;
				GCC_WARN_ABOUT_RETURN_TYPE = YES_ERROR;
				GCC_WARN_UNDECLARED_SELECTOR = YES;
				GCC_WARN_UNINITIALIZED_AUTOS = YES_AGGRESSIVE;
				GCC_WARN_UNUSED_FUNCTION = YES;
				GCC_WARN_UNUSED_VARIABLE = YES;
				IPHONEOS_DEPLOYMENT_TARGET = 13.2;
				MTL_ENABLE_DEBUG_INFO = NO;
				MTL_FAST_MATH = YES;
				SDKROOT = iphoneos;
				SWIFT_COMPILATION_MODE = wholemodule;
				SWIFT_OPTIMIZATION_LEVEL = "-O";
				VALIDATE_PRODUCT = YES;
			};
			name = Release;
		};
		65815B9F23E218DD00D9A0C8 /* Debug */ = {
			isa = XCBuildConfiguration;
			buildSettings = {
				ASSETCATALOG_COMPILER_APPICON_NAME = AppIcon;
				CODE_SIGN_STYLE = Automatic;
				DEVELOPMENT_TEAM = W643WZTJ59;
				INFOPLIST_FILE = git_test_app/Info.plist;
				LD_RUNPATH_SEARCH_PATHS = (
					"$(inherited)",
					"@executable_path/Frameworks",
				);
				PRODUCT_BUNDLE_IDENTIFIER = "com.KurachkinSiarhei.git-test-app";
				PRODUCT_NAME = "$(TARGET_NAME)";
				SWIFT_VERSION = 5.0;
				TARGETED_DEVICE_FAMILY = "1,2";
			};
			name = Debug;
		};
		65815BA023E218DD00D9A0C8 /* Release */ = {
			isa = XCBuildConfiguration;
			buildSettings = {
				ASSETCATALOG_COMPILER_APPICON_NAME = AppIcon;
				CODE_SIGN_STYLE = Automatic;
				DEVELOPMENT_TEAM = W643WZTJ59;
				INFOPLIST_FILE = git_test_app/Info.plist;
				LD_RUNPATH_SEARCH_PATHS = (
					"$(inherited)",
					"@executable_path/Frameworks",
				);
				PRODUCT_BUNDLE_IDENTIFIER = "com.KurachkinSiarhei.git-test-app";
				PRODUCT_NAME = "$(TARGET_NAME)";
				SWIFT_VERSION = 5.0;
				TARGETED_DEVICE_FAMILY = "1,2";
			};
			name = Release;
		};
/* End XCBuildConfiguration section */

/* Begin XCConfigurationList section */
		65815B8523E218DA00D9A0C8 /* Build configuration list for PBXProject "git_test_app" */ = {
			isa = XCConfigurationList;
			buildConfigurations = (
				65815B9C23E218DD00D9A0C8 /* Debug */,
				65815B9D23E218DD00D9A0C8 /* Release */,
			);
			defaultConfigurationIsVisible = 0;
			defaultConfigurationName = Release;
		};
		65815B9E23E218DD00D9A0C8 /* Build configuration list for PBXNativeTarget "git_test_app" */ = {
			isa = XCConfigurationList;
			buildConfigurations = (
				65815B9F23E218DD00D9A0C8 /* Debug */,
				65815BA023E218DD00D9A0C8 /* Release */,
			);
			defaultConfigurationIsVisible = 0;
			defaultConfigurationName = Release;
		};
/* End XCConfigurationList section */
	};
	rootObject = 65815B8223E218DA00D9A0C8 /* Project object */;
}
